
Microsoft Visual Studio Solution File, Format Version 12.00
# Visual Studio Version 17
VisualStudioVersion = 17.5.33530.505
MinimumVisualStudioVersion = 10.0.40219.1
Project("{FAE04EC0-301F-11D3-BF4B-00C04F79EFBC}") = "BookStore.API", "src\BookStore.API\BookStore.API.csproj", "{FD8FECE9-7E32-4E36-B0B9-0198DD23D3F7}"
EndProject
Global
	GlobalSection(SolutionConfigurationPlatforms) = preSolution
		Debug|Any CPU = Debug|Any CPU
		Release|Any CPU = Release|Any CPU
	EndGlobalSection
	GlobalSection(ProjectConfigurationPlatforms) = postSolution
		{FD8FECE9-7E32-4E36-B0B9-0198DD23D3F7}.Debug|Any CPU.ActiveCfg = Debug|Any CPU
		{FD8FECE9-7E32-4E36-B0B9-0198DD23D3F7}.Debug|Any CPU.Build.0 = Debug|Any CPU
		{FD8FECE9-7E32-4E36-B0B9-0198DD23D3F7}.Release|Any CPU.ActiveCfg = Release|Any CPU
		{FD8FECE9-7E32-4E36-B0B9-0198DD23D3F7}.Release|Any CPU.Build.0 = Release|Any CPU
	EndGlobalSection
	GlobalSection(SolutionProperties) = preSolution
		HideSolutionNode = FALSE
	EndGlobalSection
	GlobalSection(ExtensibilityGlobals) = postSolution
		SolutionGuid = {4E113959-3EAC-4E91-B97B-3BB9398E00A0}
	EndGlobalSection
EndGlobal
